
Microsoft Visual Studio Solution File, Format Version 12.00
# Visual Studio Version 17
VisualStudioVersion = 17.13.35931.197
MinimumVisualStudioVersion = 10.0.40219.1
Project("{FAE04EC0-301F-11D3-BF4B-00C04F79EFBC}") = "CraftIQ.inventory", "CraftIQ.inventory\CraftIQ.inventory.csproj", "{C5A02346-96BC-44EB-B9F6-6B23B89FD2AF}"
EndProject
Project("{FAE04EC0-301F-11D3-BF4B-00C04F79EFBC}") = "CraftIQ.inventory.Core", "CraftIQ.inventory.Core\CraftIQ.inventory.Core.csproj", "{C685FDC5-18B7-45A9-AA60-BF23308C736A}"
EndProject
Project("{FAE04EC0-301F-11D3-BF4B-00C04F79EFBC}") = "CraftIQ.Inventory.Services", "CraftIQ.Inventory.Services\CraftIQ.Inventory.Services.csproj", "{32C406C6-19A4-4046-AD25-CEBBAC3160DE}"
EndProject
Project("{FAE04EC0-301F-11D3-BF4B-00C04F79EFBC}") = "CraftIQ.inventory.InfraStructure", "CraftIQ.inventory.InfraStructure\CraftIQ.inventory.InfraStructure.csproj", "{43199B13-9AF9-4487-8B86-295C0D4366BF}"
EndProject
Project("{FAE04EC0-301F-11D3-BF4B-00C04F79EFBC}") = "CraftIQ.inventory.Shared", "CraftIQ.inventory.Shared\CraftIQ.inventory.Shared.csproj", "{214F629E-48E6-4F8C-A88C-9F789732E568}"
EndProject
Global
	GlobalSection(SolutionConfigurationPlatforms) = preSolution
		Debug|Any CPU = Debug|Any CPU
		Release|Any CPU = Release|Any CPU
	EndGlobalSection
	GlobalSection(ProjectConfigurationPlatforms) = postSolution
		{C5A02346-96BC-44EB-B9F6-6B23B89FD2AF}.Debug|Any CPU.ActiveCfg = Debug|Any CPU
		{C5A02346-96BC-44EB-B9F6-6B23B89FD2AF}.Debug|Any CPU.Build.0 = Debug|Any CPU
		{C5A02346-96BC-44EB-B9F6-6B23B89FD2AF}.Release|Any CPU.ActiveCfg = Release|Any CPU
		{C5A02346-96BC-44EB-B9F6-6B23B89FD2AF}.Release|Any CPU.Build.0 = Release|Any CPU
		{C685FDC5-18B7-45A9-AA60-BF23308C736A}.Debug|Any CPU.ActiveCfg = Debug|Any CPU
		{C685FDC5-18B7-45A9-AA60-BF23308C736A}.Debug|Any CPU.Build.0 = Debug|Any CPU
		{C685FDC5-18B7-45A9-AA60-BF23308C736A}.Release|Any CPU.ActiveCfg = Release|Any CPU
		{C685FDC5-18B7-45A9-AA60-BF23308C736A}.Release|Any CPU.Build.0 = Release|Any CPU
		{32C406C6-19A4-4046-AD25-CEBBAC3160DE}.Debug|Any CPU.ActiveCfg = Debug|Any CPU
		{32C406C6-19A4-4046-AD25-CEBBAC3160DE}.Debug|Any CPU.Build.0 = Debug|Any CPU
		{32C406C6-19A4-4046-AD25-CEBBAC3160DE}.Release|Any CPU.ActiveCfg = Release|Any CPU
		{32C406C6-19A4-4046-AD25-CEBBAC3160DE}.Release|Any CPU.Build.0 = Release|Any CPU
		{43199B13-9AF9-4487-8B86-295C0D4366BF}.Debug|Any CPU.ActiveCfg = Debug|Any CPU
		{43199B13-9AF9-4487-8B86-295C0D4366BF}.Debug|Any CPU.Build.0 = Debug|Any CPU
		{43199B13-9AF9-4487-8B86-295C0D4366BF}.Release|Any CPU.ActiveCfg = Release|Any CPU
		{43199B13-9AF9-4487-8B86-295C0D4366BF}.Release|Any CPU.Build.0 = Release|Any CPU
		{214F629E-48E6-4F8C-A88C-9F789732E568}.Debug|Any CPU.ActiveCfg = Debug|Any CPU
		{214F629E-48E6-4F8C-A88C-9F789732E568}.Debug|Any CPU.Build.0 = Debug|Any CPU
		{214F629E-48E6-4F8C-A88C-9F789732E568}.Release|Any CPU.ActiveCfg = Release|Any CPU
		{214F629E-48E6-4F8C-A88C-9F789732E568}.Release|Any CPU.Build.0 = Release|Any CPU
	EndGlobalSection
	GlobalSection(SolutionProperties) = preSolution
		HideSolutionNode = FALSE
	EndGlobalSection
	GlobalSection(ExtensibilityGlobals) = postSolution
		SolutionGuid = {B26CD880-B936-43E9-B6B7-293CB2C405FF}
	EndGlobalSection
EndGlobal
